// !$*UTF8*$!
{
	archiveVersion = 1;
	classes = {
	};
	objectVersion = 56;
	objects = {

/* Begin PBXBuildFile section */
		C86BD20C2AE01E4100029FD7 /* AppDelegate.swift in Sources */ = {isa = PBXBuildFile; fileRef = C86BD20B2AE01E4100029FD7 /* AppDelegate.swift */; };
		C86BD20E2AE01E4100029FD7 /* SceneDelegate.swift in Sources */ = {isa = PBXBuildFile; fileRef = C86BD20D2AE01E4100029FD7 /* SceneDelegate.swift */; };
		C86BD2102AE01E4100029FD7 /* ViewController.swift in Sources */ = {isa = PBXBuildFile; fileRef = C86BD20F2AE01E4100029FD7 /* ViewController.swift */; };
		C86BD2132AE01E4100029FD7 /* Main.storyboard in Resources */ = {isa = PBXBuildFile; fileRef = C86BD2112AE01E4100029FD7 /* Main.storyboard */; };
		C86BD2162AE01E4100029FD7 /* tableViewNotes.xcdatamodeld in Sources */ = {isa = PBXBuildFile; fileRef = C86BD2142AE01E4100029FD7 /* tableViewNotes.xcdatamodeld */; };
		C86BD2182AE01E4400029FD7 /* Assets.xcassets in Resources */ = {isa = PBXBuildFile; fileRef = C86BD2172AE01E4400029FD7 /* Assets.xcassets */; };
		C86BD21B2AE01E4400029FD7 /* LaunchScreen.storyboard in Resources */ = {isa = PBXBuildFile; fileRef = C86BD2192AE01E4400029FD7 /* LaunchScreen.storyboard */; };
		C86BD2262AE01E4500029FD7 /* tableViewNotesTests.swift in Sources */ = {isa = PBXBuildFile; fileRef = C86BD2252AE01E4500029FD7 /* tableViewNotesTests.swift */; };
		C86BD2302AE01E4500029FD7 /* tableViewNotesUITests.swift in Sources */ = {isa = PBXBuildFile; fileRef = C86BD22F2AE01E4500029FD7 /* tableViewNotesUITests.swift */; };
		C86BD2322AE01E4500029FD7 /* tableViewNotesUITestsLaunchTests.swift in Sources */ = {isa = PBXBuildFile; fileRef = C86BD2312AE01E4500029FD7 /* tableViewNotesUITestsLaunchTests.swift */; };
/* End PBXBuildFile section */

/* Begin PBXContainerItemProxy section */
		C86BD2222AE01E4500029FD7 /* PBXContainerItemProxy */ = {
			isa = PBXContainerItemProxy;
			containerPortal = C86BD2002AE01E4100029FD7 /* Project object */;
			proxyType = 1;
			remoteGlobalIDString = C86BD2072AE01E4100029FD7;
			remoteInfo = tableViewNotes;
		};
		C86BD22C2AE01E4500029FD7 /* PBXContainerItemProxy */ = {
			isa = PBXContainerItemProxy;
			containerPortal = C86BD2002AE01E4100029FD7 /* Project object */;
			proxyType = 1;
			remoteGlobalIDString = C86BD2072AE01E4100029FD7;
			remoteInfo = tableViewNotes;
		};
/* End PBXContainerItemProxy section */

/* Begin PBXFileReference section */
		C86BD2082AE01E4100029FD7 /* tableViewNotes.app */ = {isa = PBXFileReference; explicitFileType = wrapper.application; includeInIndex = 0; path = tableViewNotes.app; sourceTree = BUILT_PRODUCTS_DIR; };
		C86BD20B2AE01E4100029FD7 /* AppDelegate.swift */ = {isa = PBXFileReference; lastKnownFileType = sourcecode.swift; path = AppDelegate.swift; sourceTree = "<group>"; };
		C86BD20D2AE01E4100029FD7 /* SceneDelegate.swift */ = {isa = PBXFileReference; lastKnownFileType = sourcecode.swift; path = SceneDelegate.swift; sourceTree = "<group>"; };
		C86BD20F2AE01E4100029FD7 /* ViewController.swift */ = {isa = PBXFileReference; lastKnownFileType = sourcecode.swift; path = ViewController.swift; sourceTree = "<group>"; };
		C86BD2122AE01E4100029FD7 /* Base */ = {isa = PBXFileReference; lastKnownFileType = file.storyboard; name = Base; path = Base.lproj/Main.storyboard; sourceTree = "<group>"; };
		C86BD2152AE01E4100029FD7 /* tableViewNotes.xcdatamodel */ = {isa = PBXFileReference; lastKnownFileType = wrapper.xcdatamodel; path = tableViewNotes.xcdatamodel; sourceTree = "<group>"; };
		C86BD2172AE01E4400029FD7 /* Assets.xcassets */ = {isa = PBXFileReference; lastKnownFileType = folder.assetcatalog; path = Assets.xcassets; sourceTree = "<group>"; };
		C86BD21A2AE01E4400029FD7 /* Base */ = {isa = PBXFileReference; lastKnownFileType = file.storyboard; name = Base; path = Base.lproj/LaunchScreen.storyboard; sourceTree = "<group>"; };
		C86BD21C2AE01E4400029FD7 /* Info.plist */ = {isa = PBXFileReference; lastKnownFileType = text.plist.xml; path = Info.plist; sourceTree = "<group>"; };
		C86BD2212AE01E4500029FD7 /* tableViewNotesTests.xctest */ = {isa = PBXFileReference; explicitFileType = wrapper.cfbundle; includeInIndex = 0; path = tableViewNotesTests.xctest; sourceTree = BUILT_PRODUCTS_DIR; };
		C86BD2252AE01E4500029FD7 /* tableViewNotesTests.swift */ = {isa = PBXFileReference; lastKnownFileType = sourcecode.swift; path = tableViewNotesTests.swift; sourceTree = "<group>"; };
		C86BD22B2AE01E4500029FD7 /* tableViewNotesUITests.xctest */ = {isa = PBXFileReference; explicitFileType = wrapper.cfbundle; includeInIndex = 0; path = tableViewNotesUITests.xctest; sourceTree = BUILT_PRODUCTS_DIR; };
		C86BD22F2AE01E4500029FD7 /* tableViewNotesUITests.swift */ = {isa = PBXFileReference; lastKnownFileType = sourcecode.swift; path = tableViewNotesUITests.swift; sourceTree = "<group>"; };
		C86BD2312AE01E4500029FD7 /* tableViewNotesUITestsLaunchTests.swift */ = {isa = PBXFileReference; lastKnownFileType = sourcecode.swift; path = tableViewNotesUITestsLaunchTests.swift; sourceTree = "<group>"; };
/* End PBXFileReference section */

/* Begin PBXFrameworksBuildPhase section */
		C86BD2052AE01E4100029FD7 /* Frameworks */ = {
			isa = PBXFrameworksBuildPhase;
			buildActionMask = 2147483647;
			files = (
			);
			runOnlyForDeploymentPostprocessing = 0;
		};
		C86BD21E2AE01E4500029FD7 /* Frameworks */ = {
			isa = PBXFrameworksBuildPhase;
			buildActionMask = 2147483647;
			files = (
			);
			runOnlyForDeploymentPostprocessing = 0;
		};
		C86BD2282AE01E4500029FD7 /* Frameworks */ = {
			isa = PBXFrameworksBuildPhase;
			buildActionMask = 2147483647;
			files = (
			);
			runOnlyForDeploymentPostprocessing = 0;
		};
/* End PBXFrameworksBuildPhase section */

/* Begin PBXGroup section */
		C86BD1FF2AE01E4100029FD7 = {
			isa = PBXGroup;
			children = (
				C86BD20A2AE01E4100029FD7 /* tableViewNotes */,
				C86BD2242AE01E4500029FD7 /* tableViewNotesTests */,
				C86BD22E2AE01E4500029FD7 /* tableViewNotesUITests */,
				C86BD2092AE01E4100029FD7 /* Products */,
			);
			sourceTree = "<group>";
		};
		C86BD2092AE01E4100029FD7 /* Products */ = {
			isa = PBXGroup;
			children = (
				C86BD2082AE01E4100029FD7 /* tableViewNotes.app */,
				C86BD2212AE01E4500029FD7 /* tableViewNotesTests.xctest */,
				C86BD22B2AE01E4500029FD7 /* tableViewNotesUITests.xctest */,
			);
			name = Products;
			sourceTree = "<group>";
		};
		C86BD20A2AE01E4100029FD7 /* tableViewNotes */ = {
			isa = PBXGroup;
			children = (
				C86BD20B2AE01E4100029FD7 /* AppDelegate.swift */,
				C86BD20D2AE01E4100029FD7 /* SceneDelegate.swift */,
				C86BD20F2AE01E4100029FD7 /* ViewController.swift */,
				C86BD2112AE01E4100029FD7 /* Main.storyboard */,
				C86BD2172AE01E4400029FD7 /* Assets.xcassets */,
				C86BD2192AE01E4400029FD7 /* LaunchScreen.storyboard */,
				C86BD21C2AE01E4400029FD7 /* Info.plist */,
				C86BD2142AE01E4100029FD7 /* tableViewNotes.xcdatamodeld */,
			);
			path = tableViewNotes;
			sourceTree = "<group>";
		};
		C86BD2242AE01E4500029FD7 /* tableViewNotesTests */ = {
			isa = PBXGroup;
			children = (
				C86BD2252AE01E4500029FD7 /* tableViewNotesTests.swift */,
			);
			path = tableViewNotesTests;
			sourceTree = "<group>";
		};
		C86BD22E2AE01E4500029FD7 /* tableViewNotesUITests */ = {
			isa = PBXGroup;
			children = (
				C86BD22F2AE01E4500029FD7 /* tableViewNotesUITests.swift */,
				C86BD2312AE01E4500029FD7 /* tableViewNotesUITestsLaunchTests.swift */,
			);
			path = tableViewNotesUITests;
			sourceTree = "<group>";
		};
/* End PBXGroup section */

/* Begin PBXNativeTarget section */
		C86BD2072AE01E4100029FD7 /* tableViewNotes */ = {
			isa = PBXNativeTarget;
			buildConfigurationList = C86BD2352AE01E4500029FD7 /* Build configuration list for PBXNativeTarget "tableViewNotes" */;
			buildPhases = (
				C86BD2042AE01E4100029FD7 /* Sources */,
				C86BD2052AE01E4100029FD7 /* Frameworks */,
				C86BD2062AE01E4100029FD7 /* Resources */,
			);
			buildRules = (
			);
			dependencies = (
			);
			name = tableViewNotes;
			productName = tableViewNotes;
			productReference = C86BD2082AE01E4100029FD7 /* tableViewNotes.app */;
			productType = "com.apple.product-type.application";
		};
		C86BD2202AE01E4500029FD7 /* tableViewNotesTests */ = {
			isa = PBXNativeTarget;
			buildConfigurationList = C86BD2382AE01E4500029FD7 /* Build configuration list for PBXNativeTarget "tableViewNotesTests" */;
			buildPhases = (
				C86BD21D2AE01E4500029FD7 /* Sources */,
				C86BD21E2AE01E4500029FD7 /* Frameworks */,
				C86BD21F2AE01E4500029FD7 /* Resources */,
			);
			buildRules = (
			);
			dependencies = (
				C86BD2232AE01E4500029FD7 /* PBXTargetDependency */,
			);
			name = tableViewNotesTests;
			productName = tableViewNotesTests;
			productReference = C86BD2212AE01E4500029FD7 /* tableViewNotesTests.xctest */;
			productType = "com.apple.product-type.bundle.unit-test";
		};
		C86BD22A2AE01E4500029FD7 /* tableViewNotesUITests */ = {
			isa = PBXNativeTarget;
			buildConfigurationList = C86BD23B2AE01E4500029FD7 /* Build configuration list for PBXNativeTarget "tableViewNotesUITests" */;
			buildPhases = (
				C86BD2272AE01E4500029FD7 /* Sources */,
				C86BD2282AE01E4500029FD7 /* Frameworks */,
				C86BD2292AE01E4500029FD7 /* Resources */,
			);
			buildRules = (
			);
			dependencies = (
				C86BD22D2AE01E4500029FD7 /* PBXTargetDependency */,
			);
			name = tableViewNotesUITests;
			productName = tableViewNotesUITests;
			productReference = C86BD22B2AE01E4500029FD7 /* tableViewNotesUITests.xctest */;
			productType = "com.apple.product-type.bundle.ui-testing";
		};
/* End PBXNativeTarget section */

/* Begin PBXProject section */
		C86BD2002AE01E4100029FD7 /* Project object */ = {
			isa = PBXProject;
			attributes = {
				BuildIndependentTargetsInParallel = 1;
				LastSwiftUpdateCheck = 1430;
				LastUpgradeCheck = 1430;
				TargetAttributes = {
					C86BD2072AE01E4100029FD7 = {
						CreatedOnToolsVersion = 14.3.1;
					};
					C86BD2202AE01E4500029FD7 = {
						CreatedOnToolsVersion = 14.3.1;
						TestTargetID = C86BD2072AE01E4100029FD7;
					};
					C86BD22A2AE01E4500029FD7 = {
						CreatedOnToolsVersion = 14.3.1;
						TestTargetID = C86BD2072AE01E4100029FD7;
					};
				};
			};
			buildConfigurationList = C86BD2032AE01E4100029FD7 /* Build configuration list for PBXProject "tableViewNotes" */;
			compatibilityVersion = "Xcode 14.0";
			developmentRegion = en;
			hasScannedForEncodings = 0;
			knownRegions = (
				en,
				Base,
			);
			mainGroup = C86BD1FF2AE01E4100029FD7;
			productRefGroup = C86BD2092AE01E4100029FD7 /* Products */;
			projectDirPath = "";
			projectRoot = "";
			targets = (
				C86BD2072AE01E4100029FD7 /* tableViewNotes */,
				C86BD2202AE01E4500029FD7 /* tableViewNotesTests */,
				C86BD22A2AE01E4500029FD7 /* tableViewNotesUITests */,
			);
		};
/* End PBXProject section */

/* Begin PBXResourcesBuildPhase section */
		C86BD2062AE01E4100029FD7 /* Resources */ = {
			isa = PBXResourcesBuildPhase;
			buildActionMask = 2147483647;
			files = (
				C86BD21B2AE01E4400029FD7 /* LaunchScreen.storyboard in Resources */,
				C86BD2182AE01E4400029FD7 /* Assets.xcassets in Resources */,
				C86BD2132AE01E4100029FD7 /* Main.storyboard in Resources */,
			);
			runOnlyForDeploymentPostprocessing = 0;
		};
		C86BD21F2AE01E4500029FD7 /* Resources */ = {
			isa = PBXResourcesBuildPhase;
			buildActionMask = 2147483647;
			files = (
			);
			runOnlyForDeploymentPostprocessing = 0;
		};
		C86BD2292AE01E4500029FD7 /* Resources */ = {
			isa = PBXResourcesBuildPhase;
			buildActionMask = 2147483647;
			files = (
			);
			runOnlyForDeploymentPostprocessing = 0;
		};
/* End PBXResourcesBuildPhase section */

/* Begin PBXSourcesBuildPhase section */
		C86BD2042AE01E4100029FD7 /* Sources */ = {
			isa = PBXSourcesBuildPhase;
			buildActionMask = 2147483647;
			files = (
				C86BD2102AE01E4100029FD7 /* ViewController.swift in Sources */,
				C86BD20C2AE01E4100029FD7 /* AppDelegate.swift in Sources */,
				C86BD20E2AE01E4100029FD7 /* SceneDelegate.swift in Sources */,
				C86BD2162AE01E4100029FD7 /* tableViewNotes.xcdatamodeld in Sources */,
			);
			runOnlyForDeploymentPostprocessing = 0;
		};
		C86BD21D2AE01E4500029FD7 /* Sources */ = {
			isa = PBXSourcesBuildPhase;
			buildActionMask = 2147483647;
			files = (
				C86BD2262AE01E4500029FD7 /* tableViewNotesTests.swift in Sources */,
			);
			runOnlyForDeploymentPostprocessing = 0;
		};
		C86BD2272AE01E4500029FD7 /* Sources */ = {
			isa = PBXSourcesBuildPhase;
			buildActionMask = 2147483647;
			files = (
				C86BD2322AE01E4500029FD7 /* tableViewNotesUITestsLaunchTests.swift in Sources */,
				C86BD2302AE01E4500029FD7 /* tableViewNotesUITests.swift in Sources */,
			);
			runOnlyForDeploymentPostprocessing = 0;
		};
/* End PBXSourcesBuildPhase section */

/* Begin PBXTargetDependency section */
		C86BD2232AE01E4500029FD7 /* PBXTargetDependency */ = {
			isa = PBXTargetDependency;
			target = C86BD2072AE01E4100029FD7 /* tableViewNotes */;
			targetProxy = C86BD2222AE01E4500029FD7 /* PBXContainerItemProxy */;
		};
		C86BD22D2AE01E4500029FD7 /* PBXTargetDependency */ = {
			isa = PBXTargetDependency;
			target = C86BD2072AE01E4100029FD7 /* tableViewNotes */;
			targetProxy = C86BD22C2AE01E4500029FD7 /* PBXContainerItemProxy */;
		};
/* End PBXTargetDependency section */

/* Begin PBXVariantGroup section */
		C86BD2112AE01E4100029FD7 /* Main.storyboard */ = {
			isa = PBXVariantGroup;
			children = (
				C86BD2122AE01E4100029FD7 /* Base */,
			);
			name = Main.storyboard;
			sourceTree = "<group>";
		};
		C86BD2192AE01E4400029FD7 /* LaunchScreen.storyboard */ = {
			isa = PBXVariantGroup;
			children = (
				C86BD21A2AE01E4400029FD7 /* Base */,
			);
			name = LaunchScreen.storyboard;
			sourceTree = "<group>";
		};
/* End PBXVariantGroup section */

/* Begin XCBuildConfiguration section */
		C86BD2332AE01E4500029FD7 /* Debug */ = {
			isa = XCBuildConfiguration;
			buildSettings = {
				ALWAYS_SEARCH_USER_PATHS = NO;
				CLANG_ANALYZER_NONNULL = YES;
				CLANG_ANALYZER_NUMBER_OBJECT_CONVERSION = YES_AGGRESSIVE;
				CLANG_CXX_LANGUAGE_STANDARD = "gnu++20";
				CLANG_ENABLE_MODULES = YES;
				CLANG_ENABLE_OBJC_ARC = YES;
				CLANG_ENABLE_OBJC_WEAK = YES;
				CLANG_WARN_BLOCK_CAPTURE_AUTORELEASING = YES;
				CLANG_WARN_BOOL_CONVERSION = YES;
				CLANG_WARN_COMMA = YES;
				CLANG_WARN_CONSTANT_CONVERSION = YES;
				CLANG_WARN_DEPRECATED_OBJC_IMPLEMENTATIONS = YES;
				CLANG_WARN_DIRECT_OBJC_ISA_USAGE = YES_ERROR;
				CLANG_WARN_DOCUMENTATION_COMMENTS = YES;
				CLANG_WARN_EMPTY_BODY = YES;
				CLANG_WARN_ENUM_CONVERSION = YES;
				CLANG_WARN_INFINITE_RECURSION = YES;
				CLANG_WARN_INT_CONVERSION = YES;
				CLANG_WARN_NON_LITERAL_NULL_CONVERSION = YES;
				CLANG_WARN_OBJC_IMPLICIT_RETAIN_SELF = YES;
				CLANG_WARN_OBJC_LITERAL_CONVERSION = YES;
				CLANG_WARN_OBJC_ROOT_CLASS = YES_ERROR;
				CLANG_WARN_QUOTED_INCLUDE_IN_FRAMEWORK_HEADER = YES;
				CLANG_WARN_RANGE_LOOP_ANALYSIS = YES;
				CLANG_WARN_STRICT_PROTOTYPES = YES;
				CLANG_WARN_SUSPICIOUS_MOVE = YES;
				CLANG_WARN_UNGUARDED_AVAILABILITY = YES_AGGRESSIVE;
				CLANG_WARN_UNREACHABLE_CODE = YES;
				CLANG_WARN__DUPLICATE_METHOD_MATCH = YES;
				COPY_PHASE_STRIP = NO;
				DEBUG_INFORMATION_FORMAT = dwarf;
				ENABLE_STRICT_OBJC_MSGSEND = YES;
				ENABLE_TESTABILITY = YES;
				GCC_C_LANGUAGE_STANDARD = gnu11;
				GCC_DYNAMIC_NO_PIC = NO;
				GCC_NO_COMMON_BLOCKS = YES;
				GCC_OPTIMIZATION_LEVEL = 0;
				GCC_PREPROCESSOR_DEFINITIONS = (
					"DEBUG=1",
					"$(inherited)",
				);
				GCC_WARN_64_TO_32_BIT_CONVERSION = YES;
				GCC_WARN_ABOUT_RETURN_TYPE = YES_ERROR;
				GCC_WARN_UNDECLARED_SELECTOR = YES;
				GCC_WARN_UNINITIALIZED_AUTOS = YES_AGGRESSIVE;
				GCC_WARN_UNUSED_FUNCTION = YES;
				GCC_WARN_UNUSED_VARIABLE = YES;
				IPHONEOS_DEPLOYMENT_TARGET = 16.4;
				MTL_ENABLE_DEBUG_INFO = INCLUDE_SOURCE;
				MTL_FAST_MATH = YES;
				ONLY_ACTIVE_ARCH = YES;
				SDKROOT = iphoneos;
				SWIFT_ACTIVE_COMPILATION_CONDITIONS = DEBUG;
				SWIFT_OPTIMIZATION_LEVEL = "-Onone";
			};
			name = Debug;
		};
		C86BD2342AE01E4500029FD7 /* Release */ = {
			isa = XCBuildConfiguration;
			buildSettings = {
				ALWAYS_SEARCH_USER_PATHS = NO;
				CLANG_ANALYZER_NONNULL = YES;
				CLANG_ANALYZER_NUMBER_OBJECT_CONVERSION = YES_AGGRESSIVE;
				CLANG_CXX_LANGUAGE_STANDARD = "gnu++20";
				CLANG_ENABLE_MODULES = YES;
				CLANG_ENABLE_OBJC_ARC = YES;
				CLANG_ENABLE_OBJC_WEAK = YES;
				CLANG_WARN_BLOCK_CAPTURE_AUTORELEASING = YES;
				CLANG_WARN_BOOL_CONVERSION = YES;
				CLANG_WARN_COMMA = YES;
				CLANG_WARN_CONSTANT_CONVERSION = YES;
				CLANG_WARN_DEPRECATED_OBJC_IMPLEMENTATIONS = YES;
				CLANG_WARN_DIRECT_OBJC_ISA_USAGE = YES_ERROR;
				CLANG_WARN_DOCUMENTATION_COMMENTS = YES;
				CLANG_WARN_EMPTY_BODY = YES;
				CLANG_WARN_ENUM_CONVERSION = YES;
				CLANG_WARN_INFINITE_RECURSION = YES;
				CLANG_WARN_INT_CONVERSION = YES;
				CLANG_WARN_NON_LITERAL_NULL_CONVERSION = YES;
				CLANG_WARN_OBJC_IMPLICIT_RETAIN_SELF = YES;
				CLANG_WARN_OBJC_LITERAL_CONVERSION = YES;
				CLANG_WARN_OBJC_ROOT_CLASS = YES_ERROR;
				CLANG_WARN_QUOTED_INCLUDE_IN_FRAMEWORK_HEADER = YES;
				CLANG_WARN_RANGE_LOOP_ANALYSIS = YES;
				CLANG_WARN_STRICT_PROTOTYPES = YES;
				CLANG_WARN_SUSPICIOUS_MOVE = YES;
				CLANG_WARN_UNGUARDED_AVAILABILITY = YES_AGGRESSIVE;
				CLANG_WARN_UNREACHABLE_CODE = YES;
				CLANG_WARN__DUPLICATE_METHOD_MATCH = YES;
				COPY_PHASE_STRIP = NO;
				DEBUG_INFORMATION_FORMAT = "dwarf-with-dsym";
				ENABLE_NS_ASSERTIONS = NO;
				ENABLE_STRICT_OBJC_MSGSEND = YES;
				GCC_C_LANGUAGE_STANDARD = gnu11;
				GCC_NO_COMMON_BLOCKS = YES;
				GCC_WARN_64_TO_32_BIT_CONVERSION = YES;
				GCC_WARN_ABOUT_RETURN_TYPE = YES_ERROR;
				GCC_WARN_UNDECLARED_SELECTOR = YES;
				GCC_WARN_UNINITIALIZED_AUTOS = YES_AGGRESSIVE;
				GCC_WARN_UNUSED_FUNCTION = YES;
				GCC_WARN_UNUSED_VARIABLE = YES;
				IPHONEOS_DEPLOYMENT_TARGET = 16.4;
				MTL_ENABLE_DEBUG_INFO = NO;
				MTL_FAST_MATH = YES;
				SDKROOT = iphoneos;
				SWIFT_COMPILATION_MODE = wholemodule;
				SWIFT_OPTIMIZATION_LEVEL = "-O";
				VALIDATE_PRODUCT = YES;
			};
			name = Release;
		};
		C86BD2362AE01E4500029FD7 /* Debug */ = {
			isa = XCBuildConfiguration;
			buildSettings = {
				ASSETCATALOG_COMPILER_APPICON_NAME = AppIcon;
				ASSETCATALOG_COMPILER_GLOBAL_ACCENT_COLOR_NAME = AccentColor;
				CODE_SIGN_STYLE = Automatic;
				CURRENT_PROJECT_VERSION = 1;
				DEVELOPMENT_TEAM = U4GPKHMJ2U;
				GENERATE_INFOPLIST_FILE = YES;
				INFOPLIST_FILE = tableViewNotes/Info.plist;
				INFOPLIST_KEY_UIApplicationSupportsIndirectInputEvents = YES;
				INFOPLIST_KEY_UILaunchStoryboardName = LaunchScreen;
				INFOPLIST_KEY_UIMainStoryboardFile = Main;
				INFOPLIST_KEY_UISupportedInterfaceOrientations_iPad = "UIInterfaceOrientationPortrait UIInterfaceOrientationPortraitUpsideDown UIInterfaceOrientationLandscapeLeft UIInterfaceOrientationLandscapeRight";
				INFOPLIST_KEY_UISupportedInterfaceOrientations_iPhone = "UIInterfaceOrientationPortrait UIInterfaceOrientationLandscapeLeft UIInterfaceOrientationLandscapeRight";
				LD_RUNPATH_SEARCH_PATHS = (
					"$(inherited)",
					"@executable_path/Frameworks",
				);
				MARKETING_VERSION = 1.0;
				PRODUCT_BUNDLE_IDENTIFIER = clc.tableViewNotes;
				PRODUCT_NAME = "$(TARGET_NAME)";
				SWIFT_EMIT_LOC_STRINGS = YES;
				SWIFT_VERSION = 5.0;
				TARGETED_DEVICE_FAMILY = "1,2";
			};
			name = Debug;
		};
		C86BD2372AE01E4500029FD7 /* Release */ = {
			isa = XCBuildConfiguration;
			buildSettings = {
				ASSETCATALOG_COMPILER_APPICON_NAME = AppIcon;
				ASSETCATALOG_COMPILER_GLOBAL_ACCENT_COLOR_NAME = AccentColor;
				CODE_SIGN_STYLE = Automatic;
				CURRENT_PROJECT_VERSION = 1;
				DEVELOPMENT_TEAM = U4GPKHMJ2U;
				GENERATE_INFOPLIST_FILE = YES;
				INFOPLIST_FILE = tableViewNotes/Info.plist;
				INFOPLIST_KEY_UIApplicationSupportsIndirectInputEvents = YES;
				INFOPLIST_KEY_UILaunchStoryboardName = LaunchScreen;
				INFOPLIST_KEY_UIMainStoryboardFile = Main;
				INFOPLIST_KEY_UISupportedInterfaceOrientations_iPad = "UIInterfaceOrientationPortrait UIInterfaceOrientationPortraitUpsideDown UIInterfaceOrientationLandscapeLeft UIInterfaceOrientationLandscapeRight";
				INFOPLIST_KEY_UISupportedInterfaceOrientations_iPhone = "UIInterfaceOrientationPortrait UIInterfaceOrientationLandscapeLeft UIInterfaceOrientationLandscapeRight";
				LD_RUNPATH_SEARCH_PATHS = (
					"$(inherited)",
					"@executable_path/Frameworks",
				);
				MARKETING_VERSION = 1.0;
				PRODUCT_BUNDLE_IDENTIFIER = clc.tableViewNotes;
				PRODUCT_NAME = "$(TARGET_NAME)";
				SWIFT_EMIT_LOC_STRINGS = YES;
				SWIFT_VERSION = 5.0;
				TARGETED_DEVICE_FAMILY = "1,2";
			};
			name = Release;
		};
		C86BD2392AE01E4500029FD7 /* Debug */ = {
			isa = XCBuildConfiguration;
			buildSettings = {
				ALWAYS_EMBED_SWIFT_STANDARD_LIBRARIES = YES;
				BUNDLE_LOADER = "$(TEST_HOST)";
				CODE_SIGN_STYLE = Automatic;
				CURRENT_PROJECT_VERSION = 1;
				DEVELOPMENT_TEAM = U4GPKHMJ2U;
				GENERATE_INFOPLIST_FILE = YES;
				IPHONEOS_DEPLOYMENT_TARGET = 16.4;
				MARKETING_VERSION = 1.0;
				PRODUCT_BUNDLE_IDENTIFIER = clc.tableViewNotesTests;
				PRODUCT_NAME = "$(TARGET_NAME)";
				SWIFT_EMIT_LOC_STRINGS = NO;
				SWIFT_VERSION = 5.0;
				TARGETED_DEVICE_FAMILY = "1,2";
				TEST_HOST = "$(BUILT_PRODUCTS_DIR)/tableViewNotes.app/$(BUNDLE_EXECUTABLE_FOLDER_PATH)/tableViewNotes";
			};
			name = Debug;
		};
		C86BD23A2AE01E4500029FD7 /* Release */ = {
			isa = XCBuildConfiguration;
			buildSettings = {
				ALWAYS_EMBED_SWIFT_STANDARD_LIBRARIES = YES;
				BUNDLE_LOADER = "$(TEST_HOST)";
				CODE_SIGN_STYLE = Automatic;
				CURRENT_PROJECT_VERSION = 1;
				DEVELOPMENT_TEAM = U4GPKHMJ2U;
				GENERATE_INFOPLIST_FILE = YES;
				IPHONEOS_DEPLOYMENT_TARGET = 16.4;
				MARKETING_VERSION = 1.0;
				PRODUCT_BUNDLE_IDENTIFIER = clc.tableViewNotesTests;
				PRODUCT_NAME = "$(TARGET_NAME)";
				SWIFT_EMIT_LOC_STRINGS = NO;
				SWIFT_VERSION = 5.0;
				TARGETED_DEVICE_FAMILY = "1,2";
				TEST_HOST = "$(BUILT_PRODUCTS_DIR)/tableViewNotes.app/$(BUNDLE_EXECUTABLE_FOLDER_PATH)/tableViewNotes";
			};
			name = Release;
		};
		C86BD23C2AE01E4500029FD7 /* Debug */ = {
			isa = XCBuildConfiguration;
			buildSettings = {
				ALWAYS_EMBED_SWIFT_STANDARD_LIBRARIES = YES;
				CODE_SIGN_STYLE = Automatic;
				CURRENT_PROJECT_VERSION = 1;
				DEVELOPMENT_TEAM = U4GPKHMJ2U;
				GENERATE_INFOPLIST_FILE = YES;
				MARKETING_VERSION = 1.0;
				PRODUCT_BUNDLE_IDENTIFIER = clc.tableViewNotesUITests;
				PRODUCT_NAME = "$(TARGET_NAME)";
				SWIFT_EMIT_LOC_STRINGS = NO;
				SWIFT_VERSION = 5.0;
				TARGETED_DEVICE_FAMILY = "1,2";
				TEST_TARGET_NAME = tableViewNotes;
			};
			name = Debug;
		};
		C86BD23D2AE01E4500029FD7 /* Release */ = {
			isa = XCBuildConfiguration;
			buildSettings = {
				ALWAYS_EMBED_SWIFT_STANDARD_LIBRARIES = YES;
				CODE_SIGN_STYLE = Automatic;
				CURRENT_PROJECT_VERSION = 1;
				DEVELOPMENT_TEAM = U4GPKHMJ2U;
				GENERATE_INFOPLIST_FILE = YES;
				MARKETING_VERSION = 1.0;
				PRODUCT_BUNDLE_IDENTIFIER = clc.tableViewNotesUITests;
				PRODUCT_NAME = "$(TARGET_NAME)";
				SWIFT_EMIT_LOC_STRINGS = NO;
				SWIFT_VERSION = 5.0;
				TARGETED_DEVICE_FAMILY = "1,2";
				TEST_TARGET_NAME = tableViewNotes;
			};
			name = Release;
		};
/* End XCBuildConfiguration section */

/* Begin XCConfigurationList section */
		C86BD2032AE01E4100029FD7 /* Build configuration list for PBXProject "tableViewNotes" */ = {
			isa = XCConfigurationList;
			buildConfigurations = (
				C86BD2332AE01E4500029FD7 /* Debug */,
				C86BD2342AE01E4500029FD7 /* Release */,
			);
			defaultConfigurationIsVisible = 0;
			defaultConfigurationName = Release;
		};
		C86BD2352AE01E4500029FD7 /* Build configuration list for PBXNativeTarget "tableViewNotes" */ = {
			isa = XCConfigurationList;
			buildConfigurations = (
				C86BD2362AE01E4500029FD7 /* Debug */,
				C86BD2372AE01E4500029FD7 /* Release */,
			);
			defaultConfigurationIsVisible = 0;
			defaultConfigurationName = Release;
		};
		C86BD2382AE01E4500029FD7 /* Build configuration list for PBXNativeTarget "tableViewNotesTests" */ = {
			isa = XCConfigurationList;
			buildConfigurations = (
				C86BD2392AE01E4500029FD7 /* Debug */,
				C86BD23A2AE01E4500029FD7 /* Release */,
			);
			defaultConfigurationIsVisible = 0;
			defaultConfigurationName = Release;
		};
		C86BD23B2AE01E4500029FD7 /* Build configuration list for PBXNativeTarget "tableViewNotesUITests" */ = {
			isa = XCConfigurationList;
			buildConfigurations = (
				C86BD23C2AE01E4500029FD7 /* Debug */,
				C86BD23D2AE01E4500029FD7 /* Release */,
			);
			defaultConfigurationIsVisible = 0;
			defaultConfigurationName = Release;
		};
/* End XCConfigurationList section */

/* Begin XCVersionGroup section */
		C86BD2142AE01E4100029FD7 /* tableViewNotes.xcdatamodeld */ = {
			isa = XCVersionGroup;
			children = (
				C86BD2152AE01E4100029FD7 /* tableViewNotes.xcdatamodel */,
			);
			currentVersion = C86BD2152AE01E4100029FD7 /* tableViewNotes.xcdatamodel */;
			path = tableViewNotes.xcdatamodeld;
			sourceTree = "<group>";
			versionGroupType = wrapper.xcdatamodel;
		};
/* End XCVersionGroup section */
	};
	rootObject = C86BD2002AE01E4100029FD7 /* Project object */;
}
